
Microsoft Visual Studio Solution File, Format Version 12.00
# Visual Studio 15
VisualStudioVersion = 15.0.27130.2024
MinimumVisualStudioVersion = 10.0.40219.1
Project("{9A19103F-16F7-4668-BE54-9A1E7A4F7556}") = "AspNetCoreWeb", "AspNetCoreWeb\AspNetCoreWeb.csproj", "{C9C55E36-4C89-466A-A303-2488D3208FCA}"
EndProject
Global
	GlobalSection(SolutionConfigurationPlatforms) = preSolution
		Debug|Any CPU = Debug|Any CPU
		Release|Any CPU = Release|Any CPU
	EndGlobalSection
	GlobalSection(ProjectConfigurationPlatforms) = postSolution
		{C9C55E36-4C89-466A-A303-2488D3208FCA}.Debug|Any CPU.ActiveCfg = Debug|Any CPU
		{C9C55E36-4C89-466A-A303-2488D3208FCA}.Debug|Any CPU.Build.0 = Debug|Any CPU
		{C9C55E36-4C89-466A-A303-2488D3208FCA}.Release|Any CPU.ActiveCfg = Release|Any CPU
		{C9C55E36-4C89-466A-A303-2488D3208FCA}.Release|Any CPU.Build.0 = Release|Any CPU
	EndGlobalSection
	GlobalSection(SolutionProperties) = preSolution
		HideSolutionNode = FALSE
	EndGlobalSection
	GlobalSection(ExtensibilityGlobals) = postSolution
		SolutionGuid = {EB5E49B9-B5EE-4A68-B6E9-9DDFEBD6FBE3}
	EndGlobalSection
EndGlobal
